// !$*UTF8*$!
{
	archiveVersion = 1;
	classes = {
	};
	objectVersion = 46;
	objects = {

/* Begin PBXBuildFile section */
		8AABC54D1C59E36A00CEF5D1 /* Trie.cpp in Sources */ = {isa = PBXBuildFile; fileRef = 8AABC53E1C59DE7100CEF5D1 /* Trie.cpp */; };
		8AABC54E1C59E36A00CEF5D1 /* TrieNode.cpp in Sources */ = {isa = PBXBuildFile; fileRef = 8AABC53F1C59DE7100CEF5D1 /* TrieNode.cpp */; };
		8AABC54F1C59E36A00CEF5D1 /* main.cpp in Sources */ = {isa = PBXBuildFile; fileRef = 8AABC5391C59DE6700CEF5D1 /* main.cpp */; };
		8AABC5501C59E36A00CEF5D1 /* sowpods_all.cpp in Sources */ = {isa = PBXBuildFile; fileRef = 8AABC53A1C59DE6700CEF5D1 /* sowpods_all.cpp */; };
		8AABC5511C59E36A00CEF5D1 /* tests.cpp in Sources */ = {isa = PBXBuildFile; fileRef = 8AABC53B1C59DE6700CEF5D1 /* tests.cpp */; };
		8AABC5521C59E36A00CEF5D1 /* twl_all.cpp in Sources */ = {isa = PBXBuildFile; fileRef = 8AABC53C1C59DE6700CEF5D1 /* twl_all.cpp */; };
/* End PBXBuildFile section */

/* Begin PBXCopyFilesBuildPhase section */
		8AABC5431C59E34100CEF5D1 /* CopyFiles */ = {
			isa = PBXCopyFilesBuildPhase;
			buildActionMask = 2147483647;
			dstPath = /usr/share/man/man1/;
			dstSubfolderSpec = 0;
			files = (
			);
			runOnlyForDeploymentPostprocessing = 1;
		};
/* End PBXCopyFilesBuildPhase section */

/* Begin PBXFileReference section */
		8AABC5391C59DE6700CEF5D1 /* main.cpp */ = {isa = PBXFileReference; lastKnownFileType = sourcecode.cpp.cpp; path = main.cpp; sourceTree = "<group>"; };
		8AABC53A1C59DE6700CEF5D1 /* sowpods_all.cpp */ = {isa = PBXFileReference; lastKnownFileType = sourcecode.cpp.cpp; path = sowpods_all.cpp; sourceTree = "<group>"; };
		8AABC53B1C59DE6700CEF5D1 /* tests.cpp */ = {isa = PBXFileReference; lastKnownFileType = sourcecode.cpp.cpp; path = tests.cpp; sourceTree = "<group>"; };
		8AABC53C1C59DE6700CEF5D1 /* twl_all.cpp */ = {isa = PBXFileReference; lastKnownFileType = sourcecode.cpp.cpp; path = twl_all.cpp; sourceTree = "<group>"; };
		8AABC53E1C59DE7100CEF5D1 /* Trie.cpp */ = {isa = PBXFileReference; lastKnownFileType = sourcecode.cpp.cpp; name = Trie.cpp; path = cpptrie/Trie.cpp; sourceTree = "<group>"; };
		8AABC53F1C59DE7100CEF5D1 /* TrieNode.cpp */ = {isa = PBXFileReference; lastKnownFileType = sourcecode.cpp.cpp; name = TrieNode.cpp; path = cpptrie/TrieNode.cpp; sourceTree = "<group>"; };
		8AABC5451C59E34100CEF5D1 /* word_game_mate */ = {isa = PBXFileReference; explicitFileType = "compiled.mach-o.executable"; includeInIndex = 0; path = word_game_mate; sourceTree = BUILT_PRODUCTS_DIR; };
/* End PBXFileReference section */

/* Begin PBXFrameworksBuildPhase section */
		8AABC5421C59E34100CEF5D1 /* Frameworks */ = {
			isa = PBXFrameworksBuildPhase;
			buildActionMask = 2147483647;
			files = (
			);
			runOnlyForDeploymentPostprocessing = 0;
		};
/* End PBXFrameworksBuildPhase section */

/* Begin PBXGroup section */
		8AABC5321C59DE2600CEF5D1 = {
			isa = PBXGroup;
			children = (
				8AABC5401C59DE7500CEF5D1 /* cpptrie */,
				8AABC5391C59DE6700CEF5D1 /* main.cpp */,
				8AABC53A1C59DE6700CEF5D1 /* sowpods_all.cpp */,
				8AABC53B1C59DE6700CEF5D1 /* tests.cpp */,
				8AABC53C1C59DE6700CEF5D1 /* twl_all.cpp */,
				8AABC5461C59E34100CEF5D1 /* Products */,
			);
			sourceTree = "<group>";
		};
		8AABC5401C59DE7500CEF5D1 /* cpptrie */ = {
			isa = PBXGroup;
			children = (
				8AABC53E1C59DE7100CEF5D1 /* Trie.cpp */,
				8AABC53F1C59DE7100CEF5D1 /* TrieNode.cpp */,
			);
			name = cpptrie;
			sourceTree = "<group>";
		};
		8AABC5461C59E34100CEF5D1 /* Products */ = {
			isa = PBXGroup;
			children = (
				8AABC5451C59E34100CEF5D1 /* word_game_mate */,
			);
			name = Products;
			sourceTree = "<group>";
		};
/* End PBXGroup section */

/* Begin PBXNativeTarget section */
		8AABC5441C59E34100CEF5D1 /* word_game_mate */ = {
			isa = PBXNativeTarget;
			buildConfigurationList = 8AABC54A1C59E34100CEF5D1 /* Build configuration list for PBXNativeTarget "word_game_mate" */;
			buildPhases = (
				8AABC5411C59E34100CEF5D1 /* Sources */,
				8AABC5421C59E34100CEF5D1 /* Frameworks */,
				8AABC5431C59E34100CEF5D1 /* CopyFiles */,
			);
			buildRules = (
			);
			dependencies = (
			);
			name = word_game_mate;
			productName = word_game_mate;
			productReference = 8AABC5451C59E34100CEF5D1 /* word_game_mate */;
			productType = "com.apple.product-type.tool";
		};
/* End PBXNativeTarget section */

/* Begin PBXProject section */
		8AABC5331C59DE2600CEF5D1 /* Project object */ = {
			isa = PBXProject;
			attributes = {
				LastUpgradeCheck = 0720;
				TargetAttributes = {
					8AABC5441C59E34100CEF5D1 = {
						CreatedOnToolsVersion = 7.2;
					};
				};
			};
			buildConfigurationList = 8AABC5361C59DE2600CEF5D1 /* Build configuration list for PBXProject "word_game_mate" */;
			compatibilityVersion = "Xcode 3.2";
			developmentRegion = English;
			hasScannedForEncodings = 0;
			knownRegions = (
				en,
			);
			mainGroup = 8AABC5321C59DE2600CEF5D1;
			productRefGroup = 8AABC5461C59E34100CEF5D1 /* Products */;
			projectDirPath = "";
			projectRoot = "";
			targets = (
				8AABC5441C59E34100CEF5D1 /* word_game_mate */,
			);
		};
/* End PBXProject section */

/* Begin PBXSourcesBuildPhase section */
		8AABC5411C59E34100CEF5D1 /* Sources */ = {
			isa = PBXSourcesBuildPhase;
			buildActionMask = 2147483647;
			files = (
				8AABC54D1C59E36A00CEF5D1 /* Trie.cpp in Sources */,
				8AABC54E1C59E36A00CEF5D1 /* TrieNode.cpp in Sources */,
				8AABC54F1C59E36A00CEF5D1 /* main.cpp in Sources */,
				8AABC5501C59E36A00CEF5D1 /* sowpods_all.cpp in Sources */,
				8AABC5511C59E36A00CEF5D1 /* tests.cpp in Sources */,
				8AABC5521C59E36A00CEF5D1 /* twl_all.cpp in Sources */,
			);
			runOnlyForDeploymentPostprocessing = 0;
		};
/* End PBXSourcesBuildPhase section */

/* Begin XCBuildConfiguration section */
		8AABC5371C59DE2600CEF5D1 /* Debug */ = {
			isa = XCBuildConfiguration;
			buildSettings = {
			};
			name = Debug;
		};
		8AABC5381C59DE2600CEF5D1 /* Release */ = {
			isa = XCBuildConfiguration;
			buildSettings = {
			};
			name = Release;
		};
		8AABC54B1C59E34100CEF5D1 /* Debug */ = {
			isa = XCBuildConfiguration;
			buildSettings = {
				ALWAYS_SEARCH_USER_PATHS = NO;
				CLANG_CXX_LANGUAGE_STANDARD = "gnu++0x";
				CLANG_CXX_LIBRARY = "libc++";
				CLANG_ENABLE_MODULES = YES;
				CLANG_ENABLE_OBJC_ARC = YES;
				CLANG_WARN_BOOL_CONVERSION = YES;
				CLANG_WARN_CONSTANT_CONVERSION = YES;
				CLANG_WARN_DIRECT_OBJC_ISA_USAGE = YES_ERROR;
				CLANG_WARN_EMPTY_BODY = YES;
				CLANG_WARN_ENUM_CONVERSION = YES;
				CLANG_WARN_INT_CONVERSION = YES;
				CLANG_WARN_OBJC_ROOT_CLASS = YES_ERROR;
				CLANG_WARN_UNREACHABLE_CODE = YES;
				CLANG_WARN__DUPLICATE_METHOD_MATCH = YES;
				CODE_SIGN_IDENTITY = "-";
				COPY_PHASE_STRIP = NO;
				DEBUG_INFORMATION_FORMAT = dwarf;
				ENABLE_STRICT_OBJC_MSGSEND = YES;
				ENABLE_TESTABILITY = YES;
				GCC_C_LANGUAGE_STANDARD = gnu99;
				GCC_DYNAMIC_NO_PIC = NO;
				GCC_NO_COMMON_BLOCKS = YES;
				GCC_OPTIMIZATION_LEVEL = 0;
				GCC_PREPROCESSOR_DEFINITIONS = (
					"DEBUG=1",
					"$(inherited)",
				);
				GCC_WARN_64_TO_32_BIT_CONVERSION = YES;
				GCC_WARN_ABOUT_RETURN_TYPE = YES_ERROR;
				GCC_WARN_UNDECLARED_SELECTOR = YES;
				GCC_WARN_UNINITIALIZED_AUTOS = YES_AGGRESSIVE;
				GCC_WARN_UNUSED_FUNCTION = YES;
				GCC_WARN_UNUSED_VARIABLE = YES;
				HEADER_SEARCH_PATHS = cpptrie;
				MACOSX_DEPLOYMENT_TARGET = 10.11;
				MTL_ENABLE_DEBUG_INFO = YES;
				ONLY_ACTIVE_ARCH = YES;
				PRODUCT_NAME = "$(TARGET_NAME)";
				SDKROOT = macosx;
			};
			name = Debug;
		};
		8AABC54C1C59E34100CEF5D1 /* Release */ = {
			isa = XCBuildConfiguration;
			buildSettings = {
				ALWAYS_SEARCH_USER_PATHS = NO;
				CLANG_CXX_LANGUAGE_STANDARD = "gnu++0x";
				CLANG_CXX_LIBRARY = "libc++";
				CLANG_ENABLE_MODULES = YES;
				CLANG_ENABLE_OBJC_ARC = YES;
				CLANG_WARN_BOOL_CONVERSION = YES;
				CLANG_WARN_CONSTANT_CONVERSION = YES;
				CLANG_WARN_DIRECT_OBJC_ISA_USAGE = YES_ERROR;
				CLANG_WARN_EMPTY_BODY = YES;
				CLANG_WARN_ENUM_CONVERSION = YES;
				CLANG_WARN_INT_CONVERSION = YES;
				CLANG_WARN_OBJC_ROOT_CLASS = YES_ERROR;
				CLANG_WARN_UNREACHABLE_CODE = YES;
				CLANG_WARN__DUPLICATE_METHOD_MATCH = YES;
				CODE_SIGN_IDENTITY = "-";
				COPY_PHASE_STRIP = NO;
				DEBUG_INFORMATION_FORMAT = "dwarf-with-dsym";
				ENABLE_NS_ASSERTIONS = NO;
				ENABLE_STRICT_OBJC_MSGSEND = YES;
				GCC_C_LANGUAGE_STANDARD = gnu99;
				GCC_NO_COMMON_BLOCKS = YES;
				GCC_WARN_64_TO_32_BIT_CONVERSION = YES;
				GCC_WARN_ABOUT_RETURN_TYPE = YES_ERROR;
				GCC_WARN_UNDECLARED_SELECTOR = YES;
				GCC_WARN_UNINITIALIZED_AUTOS = YES_AGGRESSIVE;
				GCC_WARN_UNUSED_FUNCTION = YES;
				GCC_WARN_UNUSED_VARIABLE = YES;
				HEADER_SEARCH_PATHS = cpptrie;
				MACOSX_DEPLOYMENT_TARGET = 10.11;
				MTL_ENABLE_DEBUG_INFO = NO;
				PRODUCT_NAME = "$(TARGET_NAME)";
				SDKROOT = macosx;
			};
			name = Release;
		};
/* End XCBuildConfiguration section */

/* Begin XCConfigurationList section */
		8AABC5361C59DE2600CEF5D1 /* Build configuration list for PBXProject "word_game_mate" */ = {
			isa = XCConfigurationList;
			buildConfigurations = (
				8AABC5371C59DE2600CEF5D1 /* Debug */,
				8AABC5381C59DE2600CEF5D1 /* Release */,
			);
			defaultConfigurationIsVisible = 0;
			defaultConfigurationName = Release;
		};
		8AABC54A1C59E34100CEF5D1 /* Build configuration list for PBXNativeTarget "word_game_mate" */ = {
			isa = XCConfigurationList;
			buildConfigurations = (
				8AABC54B1C59E34100CEF5D1 /* Debug */,
				8AABC54C1C59E34100CEF5D1 /* Release */,
			);
			defaultConfigurationIsVisible = 0;
		};
/* End XCConfigurationList section */
	};
	rootObject = 8AABC5331C59DE2600CEF5D1 /* Project object */;
}
